
Microsoft Visual Studio Solution File, Format Version 12.00
# Visual Studio Version 17
VisualStudioVersion = 17.6.33815.320
MinimumVisualStudioVersion = 10.0.40219.1
Project("{FAE04EC0-301F-11D3-BF4B-00C04F79EFBC}") = "Quizzes", "Quizzes.csproj", "{9AA655D9-3FA3-414C-BED0-9B476ACD7BAA}"
EndProject
Global
	GlobalSection(SolutionConfigurationPlatforms) = preSolution
		Debug|Any CPU = Debug|Any CPU
		Release|Any CPU = Release|Any CPU
	EndGlobalSection
	GlobalSection(ProjectConfigurationPlatforms) = postSolution
		{9AA655D9-3FA3-414C-BED0-9B476ACD7BAA}.Debug|Any CPU.ActiveCfg = Debug|Any CPU
		{9AA655D9-3FA3-414C-BED0-9B476ACD7BAA}.Debug|Any CPU.Build.0 = Debug|Any CPU
		{9AA655D9-3FA3-414C-BED0-9B476ACD7BAA}.Release|Any CPU.ActiveCfg = Release|Any CPU
		{9AA655D9-3FA3-414C-BED0-9B476ACD7BAA}.Release|Any CPU.Build.0 = Release|Any CPU
	EndGlobalSection
	GlobalSection(SolutionProperties) = preSolution
		HideSolutionNode = FALSE
	EndGlobalSection
	GlobalSection(ExtensibilityGlobals) = postSolution
		SolutionGuid = {7538C12E-DC18-4975-9E38-3FE997242F64}
	EndGlobalSection
EndGlobal
